
Microsoft Visual Studio Solution File, Format Version 12.00
# Visual Studio Version 17
VisualStudioVersion = 17.4.33213.308
MinimumVisualStudioVersion = 10.0.40219.1
Project("{F184B08F-C81C-45F6-A57F-5ABD9991F28F}") = "ShareMarket", "ShareMarket.vbproj", "{33621DAA-B890-4BFD-8FBE-1610A67BCD1A}"
EndProject
Global
	GlobalSection(SolutionConfigurationPlatforms) = preSolution
		Debug|Any CPU = Debug|Any CPU
		Release|Any CPU = Release|Any CPU
	EndGlobalSection
	GlobalSection(ProjectConfigurationPlatforms) = postSolution
		{33621DAA-B890-4BFD-8FBE-1610A67BCD1A}.Debug|Any CPU.ActiveCfg = Debug|Any CPU
		{33621DAA-B890-4BFD-8FBE-1610A67BCD1A}.Debug|Any CPU.Build.0 = Debug|Any CPU
		{33621DAA-B890-4BFD-8FBE-1610A67BCD1A}.Release|Any CPU.ActiveCfg = Release|Any CPU
		{33621DAA-B890-4BFD-8FBE-1610A67BCD1A}.Release|Any CPU.Build.0 = Release|Any CPU
	EndGlobalSection
	GlobalSection(SolutionProperties) = preSolution
		HideSolutionNode = FALSE
	EndGlobalSection
	GlobalSection(ExtensibilityGlobals) = postSolution
		SolutionGuid = {237F5539-2225-412A-8F90-621F6823FF5B}
	EndGlobalSection
EndGlobal
